
Microsoft Visual Studio Solution File, Format Version 12.00
# Visual Studio Version 16
VisualStudioVersion = 16.0.31129.286
MinimumVisualStudioVersion = 10.0.40219.1
Project("{8BC9CEB8-8B4A-11D0-8D11-00A0C91BC942}") = "Tabuada", "Tabuada\Tabuada.vcxproj", "{82E718BF-7FC2-46E6-99C8-B64A627B23EB}"
EndProject
Global
	GlobalSection(SolutionConfigurationPlatforms) = preSolution
		Debug|x64 = Debug|x64
		Debug|x86 = Debug|x86
		Release|x64 = Release|x64
		Release|x86 = Release|x86
	EndGlobalSection
	GlobalSection(ProjectConfigurationPlatforms) = postSolution
		{82E718BF-7FC2-46E6-99C8-B64A627B23EB}.Debug|x64.ActiveCfg = Debug|x64
		{82E718BF-7FC2-46E6-99C8-B64A627B23EB}.Debug|x64.Build.0 = Debug|x64
		{82E718BF-7FC2-46E6-99C8-B64A627B23EB}.Debug|x86.ActiveCfg = Debug|Win32
		{82E718BF-7FC2-46E6-99C8-B64A627B23EB}.Debug|x86.Build.0 = Debug|Win32
		{82E718BF-7FC2-46E6-99C8-B64A627B23EB}.Release|x64.ActiveCfg = Release|x64
		{82E718BF-7FC2-46E6-99C8-B64A627B23EB}.Release|x64.Build.0 = Release|x64
		{82E718BF-7FC2-46E6-99C8-B64A627B23EB}.Release|x86.ActiveCfg = Release|Win32
		{82E718BF-7FC2-46E6-99C8-B64A627B23EB}.Release|x86.Build.0 = Release|Win32
	EndGlobalSection
	GlobalSection(SolutionProperties) = preSolution
		HideSolutionNode = FALSE
	EndGlobalSection
	GlobalSection(ExtensibilityGlobals) = postSolution
		SolutionGuid = {6EC50E35-B33C-4E53-AEAC-737731A344C8}
	EndGlobalSection
EndGlobal
